
Microsoft Visual Studio Solution File, Format Version 12.00
# Visual Studio 15
VisualStudioVersion = 15.0.27428.2037
MinimumVisualStudioVersion = 10.0.40219.1
Project("{FAE04EC0-301F-11D3-BF4B-00C04F79EFBC}") = "FAKE.MongoDB", "FAKE.MongoDB\FAKE.MongoDB.csproj", "{DC45B540-AC27-4727-8145-F941C8A4A1B6}"
EndProject
Global
	GlobalSection(SolutionConfigurationPlatforms) = preSolution
		Debug|Any CPU = Debug|Any CPU
		Release|Any CPU = Release|Any CPU
	EndGlobalSection
	GlobalSection(ProjectConfigurationPlatforms) = postSolution
		{DC45B540-AC27-4727-8145-F941C8A4A1B6}.Debug|Any CPU.ActiveCfg = Debug|Any CPU
		{DC45B540-AC27-4727-8145-F941C8A4A1B6}.Debug|Any CPU.Build.0 = Debug|Any CPU
		{DC45B540-AC27-4727-8145-F941C8A4A1B6}.Release|Any CPU.ActiveCfg = Release|Any CPU
		{DC45B540-AC27-4727-8145-F941C8A4A1B6}.Release|Any CPU.Build.0 = Release|Any CPU
	EndGlobalSection
	GlobalSection(SolutionProperties) = preSolution
		HideSolutionNode = FALSE
	EndGlobalSection
	GlobalSection(ExtensibilityGlobals) = postSolution
		SolutionGuid = {8F63D248-6EF6-4C9A-83A3-A4A17ED4ECB7}
	EndGlobalSection
EndGlobal
